
Microsoft Visual Studio Solution File, Format Version 12.00
# Visual Studio Version 17
VisualStudioVersion = 17.10.35027.167
MinimumVisualStudioVersion = 10.0.40219.1
Project("{FAE04EC0-301F-11D3-BF4B-00C04F79EFBC}") = "Astronomic", "Astronomic.csproj", "{38BFFFED-8B1C-4804-B99D-76D5D499B9D4}"
EndProject
Global
	GlobalSection(SolutionConfigurationPlatforms) = preSolution
		Debug|Any CPU = Debug|Any CPU
		Release|Any CPU = Release|Any CPU
	EndGlobalSection
	GlobalSection(ProjectConfigurationPlatforms) = postSolution
		{38BFFFED-8B1C-4804-B99D-76D5D499B9D4}.Debug|Any CPU.ActiveCfg = Debug|Any CPU
		{38BFFFED-8B1C-4804-B99D-76D5D499B9D4}.Debug|Any CPU.Build.0 = Debug|Any CPU
		{38BFFFED-8B1C-4804-B99D-76D5D499B9D4}.Release|Any CPU.ActiveCfg = Release|Any CPU
		{38BFFFED-8B1C-4804-B99D-76D5D499B9D4}.Release|Any CPU.Build.0 = Release|Any CPU
	EndGlobalSection
	GlobalSection(SolutionProperties) = preSolution
		HideSolutionNode = FALSE
	EndGlobalSection
	GlobalSection(ExtensibilityGlobals) = postSolution
		SolutionGuid = {3F06F164-6956-49CC-B4AF-D662F7492A9F}
	EndGlobalSection
EndGlobal
